// !$*UTF8*$!
{
	archiveVersion = 1;
	classes = {
	};
	objectVersion = 46;
	objects = {

/* Begin PBXBuildFile section */
		388C1BC066BCA0118054F019 /* libPods-Assignment1.a in Frameworks */ = {isa = PBXBuildFile; fileRef = 657D1F8C4A3FCCF5EFE327DE /* libPods-Assignment1.a */; };
		40CBE24A9B3D1B9ADE2BEC6B /* libPods-Assignment1Tests.a in Frameworks */ = {isa = PBXBuildFile; fileRef = 94F276FBCDBF8D722455032E /* libPods-Assignment1Tests.a */; };
		441C3E0A1C786F6400715CB4 /* FourSquareKitTests.m in Sources */ = {isa = PBXBuildFile; fileRef = 441C3E091C786F6400715CB4 /* FourSquareKitTests.m */; };
		4482D7901C78769C0059FEBD /* UXRFourSquarePhotoModel+Validation.m in Sources */ = {isa = PBXBuildFile; fileRef = 4482D78D1C78769C0059FEBD /* UXRFourSquarePhotoModel+Validation.m */; };
		4482D7911C78769C0059FEBD /* UXRFourSquareRestaurantModel+Validations.m in Sources */ = {isa = PBXBuildFile; fileRef = 4482D78F1C78769C0059FEBD /* UXRFourSquareRestaurantModel+Validations.m */; };
		4482D7951C787FC00059FEBD /* RestaurantListModel.m in Sources */ = {isa = PBXBuildFile; fileRef = 4482D7941C787FC00059FEBD /* RestaurantListModel.m */; };
		4482D7981C7882D70059FEBD /* UXRFourSquareRestaurantModel+Validations.m in Sources */ = {isa = PBXBuildFile; fileRef = 4482D7971C7882D70059FEBD /* UXRFourSquareRestaurantModel+Validations.m */; };
		4482D79B1C7884A00059FEBD /* RestaurantModel.m in Sources */ = {isa = PBXBuildFile; fileRef = 4482D79A1C7884A00059FEBD /* RestaurantModel.m */; };
		4482D79F1C78887E0059FEBD /* RestaurantModelTableViewCell.m in Sources */ = {isa = PBXBuildFile; fileRef = 4482D79E1C78887D0059FEBD /* RestaurantModelTableViewCell.m */; };
		44CBAA761C78609D00809FF7 /* main.m in Sources */ = {isa = PBXBuildFile; fileRef = 44CBAA751C78609D00809FF7 /* main.m */; };
		44CBAA791C78609D00809FF7 /* AppDelegate.m in Sources */ = {isa = PBXBuildFile; fileRef = 44CBAA781C78609D00809FF7 /* AppDelegate.m */; };
		44CBAA7C1C78609D00809FF7 /* MapViewController.m in Sources */ = {isa = PBXBuildFile; fileRef = 44CBAA7B1C78609D00809FF7 /* MapViewController.m */; };
		44CBAA7F1C78609D00809FF7 /* ListViewController.m in Sources */ = {isa = PBXBuildFile; fileRef = 44CBAA7E1C78609D00809FF7 /* ListViewController.m */; };
		44CBAA821C78609D00809FF7 /* Main.storyboard in Resources */ = {isa = PBXBuildFile; fileRef = 44CBAA801C78609D00809FF7 /* Main.storyboard */; };
		44CBAA841C78609D00809FF7 /* Assets.xcassets in Resources */ = {isa = PBXBuildFile; fileRef = 44CBAA831C78609D00809FF7 /* Assets.xcassets */; };
		44CBAA871C78609D00809FF7 /* LaunchScreen.storyboard in Resources */ = {isa = PBXBuildFile; fileRef = 44CBAA851C78609D00809FF7 /* LaunchScreen.storyboard */; };
		44CBAA921C78609D00809FF7 /* Assignment1Tests.m in Sources */ = {isa = PBXBuildFile; fileRef = 44CBAA911C78609D00809FF7 /* Assignment1Tests.m */; };
		44CBAA9D1C78609D00809FF7 /* Assignment1UITests.m in Sources */ = {isa = PBXBuildFile; fileRef = 44CBAA9C1C78609D00809FF7 /* Assignment1UITests.m */; };
		44CBAAAB1C78617500809FF7 /* MapKit.framework in Frameworks */ = {isa = PBXBuildFile; fileRef = 44CBAAAA1C78617500809FF7 /* MapKit.framework */; };
		44CBAAAD1C786C6700809FF7 /* Podfile in Resources */ = {isa = PBXBuildFile; fileRef = 44CBAAAC1C786C6700809FF7 /* Podfile */; };
/* End PBXBuildFile section */

/* Begin PBXContainerItemProxy section */
		44CBAA8E1C78609D00809FF7 /* PBXContainerItemProxy */ = {
			isa = PBXContainerItemProxy;
			containerPortal = 44CBAA691C78609D00809FF7 /* Project object */;
			proxyType = 1;
			remoteGlobalIDString = 44CBAA701C78609D00809FF7;
			remoteInfo = Assignment1;
		};
		44CBAA991C78609D00809FF7 /* PBXContainerItemProxy */ = {
			isa = PBXContainerItemProxy;
			containerPortal = 44CBAA691C78609D00809FF7 /* Project object */;
			proxyType = 1;
			remoteGlobalIDString = 44CBAA701C78609D00809FF7;
			remoteInfo = Assignment1;
		};
/* End PBXContainerItemProxy section */

/* Begin PBXFileReference section */
		441C3E091C786F6400715CB4 /* FourSquareKitTests.m */ = {isa = PBXFileReference; fileEncoding = 4; lastKnownFileType = sourcecode.c.objc; path = FourSquareKitTests.m; sourceTree = "<group>"; };
		4465721F1C78B415000AE069 /* Readme.txt */ = {isa = PBXFileReference; lastKnownFileType = text; path = Readme.txt; sourceTree = "<group>"; };
		4482D78B1C7873F50059FEBD /* UXRAsyncTesting.h */ = {isa = PBXFileReference; fileEncoding = 4; lastKnownFileType = sourcecode.c.h; path = UXRAsyncTesting.h; sourceTree = "<group>"; };
		4482D78C1C78769C0059FEBD /* UXRFourSquarePhotoModel+Validation.h */ = {isa = PBXFileReference; fileEncoding = 4; lastKnownFileType = sourcecode.c.h; path = "UXRFourSquarePhotoModel+Validation.h"; sourceTree = "<group>"; };
		4482D78D1C78769C0059FEBD /* UXRFourSquarePhotoModel+Validation.m */ = {isa = PBXFileReference; fileEncoding = 4; lastKnownFileType = sourcecode.c.objc; path = "UXRFourSquarePhotoModel+Validation.m"; sourceTree = "<group>"; };
		4482D78E1C78769C0059FEBD /* UXRFourSquareRestaurantModel+Validations.h */ = {isa = PBXFileReference; fileEncoding = 4; lastKnownFileType = sourcecode.c.h; path = "UXRFourSquareRestaurantModel+Validations.h"; sourceTree = "<group>"; };
		4482D78F1C78769C0059FEBD /* UXRFourSquareRestaurantModel+Validations.m */ = {isa = PBXFileReference; fileEncoding = 4; lastKnownFileType = sourcecode.c.objc; path = "UXRFourSquareRestaurantModel+Validations.m"; sourceTree = "<group>"; };
		4482D7931C787FC00059FEBD /* RestaurantListModel.h */ = {isa = PBXFileReference; fileEncoding = 4; lastKnownFileType = sourcecode.c.h; path = RestaurantListModel.h; sourceTree = "<group>"; };
		4482D7941C787FC00059FEBD /* RestaurantListModel.m */ = {isa = PBXFileReference; fileEncoding = 4; lastKnownFileType = sourcecode.c.objc; path = RestaurantListModel.m; sourceTree = "<group>"; };
		4482D7961C7882D70059FEBD /* UXRFourSquareRestaurantModel+Validations.h */ = {isa = PBXFileReference; fileEncoding = 4; lastKnownFileType = sourcecode.c.h; name = "UXRFourSquareRestaurantModel+Validations.h"; path = "Assignment1Tests/UXRFourSquareRestaurantModel+Validations.h"; sourceTree = SOURCE_ROOT; };
		4482D7971C7882D70059FEBD /* UXRFourSquareRestaurantModel+Validations.m */ = {isa = PBXFileReference; fileEncoding = 4; lastKnownFileType = sourcecode.c.objc; name = "UXRFourSquareRestaurantModel+Validations.m"; path = "Assignment1Tests/UXRFourSquareRestaurantModel+Validations.m"; sourceTree = SOURCE_ROOT; };
		4482D7991C7884A00059FEBD /* RestaurantModel.h */ = {isa = PBXFileReference; fileEncoding = 4; lastKnownFileType = sourcecode.c.h; path = RestaurantModel.h; sourceTree = "<group>"; };
		4482D79A1C7884A00059FEBD /* RestaurantModel.m */ = {isa = PBXFileReference; fileEncoding = 4; lastKnownFileType = sourcecode.c.objc; path = RestaurantModel.m; sourceTree = "<group>"; };
		4482D79D1C78887D0059FEBD /* RestaurantModelTableViewCell.h */ = {isa = PBXFileReference; fileEncoding = 4; lastKnownFileType = sourcecode.c.h; path = RestaurantModelTableViewCell.h; sourceTree = "<group>"; };
		4482D79E1C78887D0059FEBD /* RestaurantModelTableViewCell.m */ = {isa = PBXFileReference; fileEncoding = 4; lastKnownFileType = sourcecode.c.objc; path = RestaurantModelTableViewCell.m; sourceTree = "<group>"; };
		44CBAA711C78609D00809FF7 /* Assignment1.app */ = {isa = PBXFileReference; explicitFileType = wrapper.application; includeInIndex = 0; path = Assignment1.app; sourceTree = BUILT_PRODUCTS_DIR; };
		44CBAA751C78609D00809FF7 /* main.m */ = {isa = PBXFileReference; lastKnownFileType = sourcecode.c.objc; path = main.m; sourceTree = "<group>"; };
		44CBAA771C78609D00809FF7 /* AppDelegate.h */ = {isa = PBXFileReference; lastKnownFileType = sourcecode.c.h; path = AppDelegate.h; sourceTree = "<group>"; };
		44CBAA781C78609D00809FF7 /* AppDelegate.m */ = {isa = PBXFileReference; lastKnownFileType = sourcecode.c.objc; path = AppDelegate.m; sourceTree = "<group>"; };
		44CBAA7A1C78609D00809FF7 /* MapViewController.h */ = {isa = PBXFileReference; lastKnownFileType = sourcecode.c.h; path = MapViewController.h; sourceTree = "<group>"; };
		44CBAA7B1C78609D00809FF7 /* MapViewController.m */ = {isa = PBXFileReference; lastKnownFileType = sourcecode.c.objc; path = MapViewController.m; sourceTree = "<group>"; };
		44CBAA7D1C78609D00809FF7 /* ListViewController.h */ = {isa = PBXFileReference; lastKnownFileType = sourcecode.c.h; path = ListViewController.h; sourceTree = "<group>"; };
		44CBAA7E1C78609D00809FF7 /* ListViewController.m */ = {isa = PBXFileReference; lastKnownFileType = sourcecode.c.objc; path = ListViewController.m; sourceTree = "<group>"; };
		44CBAA811C78609D00809FF7 /* Base */ = {isa = PBXFileReference; lastKnownFileType = file.storyboard; name = Base; path = Base.lproj/Main.storyboard; sourceTree = "<group>"; };
		44CBAA831C78609D00809FF7 /* Assets.xcassets */ = {isa = PBXFileReference; lastKnownFileType = folder.assetcatalog; path = Assets.xcassets; sourceTree = "<group>"; };
		44CBAA861C78609D00809FF7 /* Base */ = {isa = PBXFileReference; lastKnownFileType = file.storyboard; name = Base; path = Base.lproj/LaunchScreen.storyboard; sourceTree = "<group>"; };
		44CBAA881C78609D00809FF7 /* Info.plist */ = {isa = PBXFileReference; lastKnownFileType = text.plist.xml; path = Info.plist; sourceTree = "<group>"; };
		44CBAA8D1C78609D00809FF7 /* Assignment1Tests.xctest */ = {isa = PBXFileReference; explicitFileType = wrapper.cfbundle; includeInIndex = 0; path = Assignment1Tests.xctest; sourceTree = BUILT_PRODUCTS_DIR; };
		44CBAA911C78609D00809FF7 /* Assignment1Tests.m */ = {isa = PBXFileReference; lastKnownFileType = sourcecode.c.objc; path = Assignment1Tests.m; sourceTree = "<group>"; };
		44CBAA931C78609D00809FF7 /* Info.plist */ = {isa = PBXFileReference; lastKnownFileType = text.plist.xml; path = Info.plist; sourceTree = "<group>"; };
		44CBAA981C78609D00809FF7 /* Assignment1UITests.xctest */ = {isa = PBXFileReference; explicitFileType = wrapper.cfbundle; includeInIndex = 0; path = Assignment1UITests.xctest; sourceTree = BUILT_PRODUCTS_DIR; };
		44CBAA9C1C78609D00809FF7 /* Assignment1UITests.m */ = {isa = PBXFileReference; lastKnownFileType = sourcecode.c.objc; path = Assignment1UITests.m; sourceTree = "<group>"; };
		44CBAA9E1C78609D00809FF7 /* Info.plist */ = {isa = PBXFileReference; lastKnownFileType = text.plist.xml; path = Info.plist; sourceTree = "<group>"; };
		44CBAAAA1C78617500809FF7 /* MapKit.framework */ = {isa = PBXFileReference; lastKnownFileType = wrapper.framework; name = MapKit.framework; path = System/Library/Frameworks/MapKit.framework; sourceTree = SDKROOT; };
		44CBAAAC1C786C6700809FF7 /* Podfile */ = {isa = PBXFileReference; fileEncoding = 4; lastKnownFileType = text; path = Podfile; sourceTree = "<group>"; xcLanguageSpecificationIdentifier = xcode.lang.ruby; };
		6566A98C1E1AAE1A7E474356 /* Pods-Assignment1.debug.xcconfig */ = {isa = PBXFileReference; includeInIndex = 1; lastKnownFileType = text.xcconfig; name = "Pods-Assignment1.debug.xcconfig"; path = "Pods/Target Support Files/Pods-Assignment1/Pods-Assignment1.debug.xcconfig"; sourceTree = "<group>"; };
		657D1F8C4A3FCCF5EFE327DE /* libPods-Assignment1.a */ = {isa = PBXFileReference; explicitFileType = archive.ar; includeInIndex = 0; path = "libPods-Assignment1.a"; sourceTree = BUILT_PRODUCTS_DIR; };
		94F276FBCDBF8D722455032E /* libPods-Assignment1Tests.a */ = {isa = PBXFileReference; explicitFileType = archive.ar; includeInIndex = 0; path = "libPods-Assignment1Tests.a"; sourceTree = BUILT_PRODUCTS_DIR; };
		A0CACFE31989ADF9A7BD4670 /* Pods-Assignment1Tests.release.xcconfig */ = {isa = PBXFileReference; includeInIndex = 1; lastKnownFileType = text.xcconfig; name = "Pods-Assignment1Tests.release.xcconfig"; path = "Pods/Target Support Files/Pods-Assignment1Tests/Pods-Assignment1Tests.release.xcconfig"; sourceTree = "<group>"; };
		A677850774B86CF96A110C66 /* Pods-Assignment1.release.xcconfig */ = {isa = PBXFileReference; includeInIndex = 1; lastKnownFileType = text.xcconfig; name = "Pods-Assignment1.release.xcconfig"; path = "Pods/Target Support Files/Pods-Assignment1/Pods-Assignment1.release.xcconfig"; sourceTree = "<group>"; };
		B645ACB0FEAD55F689C2348B /* Pods-Assignment1Tests.debug.xcconfig */ = {isa = PBXFileReference; includeInIndex = 1; lastKnownFileType = text.xcconfig; name = "Pods-Assignment1Tests.debug.xcconfig"; path = "Pods/Target Support Files/Pods-Assignment1Tests/Pods-Assignment1Tests.debug.xcconfig"; sourceTree = "<group>"; };
/* End PBXFileReference section */

/* Begin PBXFrameworksBuildPhase section */
		44CBAA6E1C78609D00809FF7 /* Frameworks */ = {
			isa = PBXFrameworksBuildPhase;
			buildActionMask = 2147483647;
			files = (
				44CBAAAB1C78617500809FF7 /* MapKit.framework in Frameworks */,
				388C1BC066BCA0118054F019 /* libPods-Assignment1.a in Frameworks */,
			);
			runOnlyForDeploymentPostprocessing = 0;
		};
		44CBAA8A1C78609D00809FF7 /* Frameworks */ = {
			isa = PBXFrameworksBuildPhase;
			buildActionMask = 2147483647;
			files = (
				40CBE24A9B3D1B9ADE2BEC6B /* libPods-Assignment1Tests.a in Frameworks */,
			);
			runOnlyForDeploymentPostprocessing = 0;
		};
		44CBAA951C78609D00809FF7 /* Frameworks */ = {
			isa = PBXFrameworksBuildPhase;
			buildActionMask = 2147483647;
			files = (
			);
			runOnlyForDeploymentPostprocessing = 0;
		};
/* End PBXFrameworksBuildPhase section */

/* Begin PBXGroup section */
		356567C724DCA729A13BD3A9 /* Frameworks */ = {
			isa = PBXGroup;
			children = (
				657D1F8C4A3FCCF5EFE327DE /* libPods-Assignment1.a */,
				94F276FBCDBF8D722455032E /* libPods-Assignment1Tests.a */,
			);
			name = Frameworks;
			sourceTree = "<group>";
		};
		4482D7921C787FAB0059FEBD /* Model */ = {
			isa = PBXGroup;
			children = (
				4482D7961C7882D70059FEBD /* UXRFourSquareRestaurantModel+Validations.h */,
				4482D7971C7882D70059FEBD /* UXRFourSquareRestaurantModel+Validations.m */,
				4482D7931C787FC00059FEBD /* RestaurantListModel.h */,
				4482D7941C787FC00059FEBD /* RestaurantListModel.m */,
				4482D7991C7884A00059FEBD /* RestaurantModel.h */,
				4482D79A1C7884A00059FEBD /* RestaurantModel.m */,
			);
			path = Model;
			sourceTree = "<group>";
		};
		4482D79C1C7888670059FEBD /* View */ = {
			isa = PBXGroup;
			children = (
				4482D79D1C78887D0059FEBD /* RestaurantModelTableViewCell.h */,
				4482D79E1C78887D0059FEBD /* RestaurantModelTableViewCell.m */,
			);
			path = View;
			sourceTree = "<group>";
		};
		44CBAA681C78609D00809FF7 = {
			isa = PBXGroup;
			children = (
				4465721F1C78B415000AE069 /* Readme.txt */,
				44CBAAAA1C78617500809FF7 /* MapKit.framework */,
				44CBAA731C78609D00809FF7 /* Assignment1 */,
				44CBAA901C78609D00809FF7 /* Assignment1Tests */,
				44CBAA9B1C78609D00809FF7 /* Assignment1UITests */,
				44CBAA721C78609D00809FF7 /* Products */,
				44CBAAAC1C786C6700809FF7 /* Podfile */,
				621EDEDCF06335FBA6161C81 /* Pods */,
				356567C724DCA729A13BD3A9 /* Frameworks */,
			);
			sourceTree = "<group>";
		};
		44CBAA721C78609D00809FF7 /* Products */ = {
			isa = PBXGroup;
			children = (
				44CBAA711C78609D00809FF7 /* Assignment1.app */,
				44CBAA8D1C78609D00809FF7 /* Assignment1Tests.xctest */,
				44CBAA981C78609D00809FF7 /* Assignment1UITests.xctest */,
			);
			name = Products;
			sourceTree = "<group>";
		};
		44CBAA731C78609D00809FF7 /* Assignment1 */ = {
			isa = PBXGroup;
			children = (
				4482D7921C787FAB0059FEBD /* Model */,
				4482D79C1C7888670059FEBD /* View */,
				44CBAA771C78609D00809FF7 /* AppDelegate.h */,
				44CBAA781C78609D00809FF7 /* AppDelegate.m */,
				44CBAA7A1C78609D00809FF7 /* MapViewController.h */,
				44CBAA7B1C78609D00809FF7 /* MapViewController.m */,
				44CBAA7D1C78609D00809FF7 /* ListViewController.h */,
				44CBAA7E1C78609D00809FF7 /* ListViewController.m */,
				44CBAA801C78609D00809FF7 /* Main.storyboard */,
				44CBAA831C78609D00809FF7 /* Assets.xcassets */,
				44CBAA851C78609D00809FF7 /* LaunchScreen.storyboard */,
				44CBAA881C78609D00809FF7 /* Info.plist */,
				44CBAA741C78609D00809FF7 /* Supporting Files */,
			);
			path = Assignment1;
			sourceTree = "<group>";
		};
		44CBAA741C78609D00809FF7 /* Supporting Files */ = {
			isa = PBXGroup;
			children = (
				44CBAA751C78609D00809FF7 /* main.m */,
			);
			name = "Supporting Files";
			sourceTree = "<group>";
		};
		44CBAA901C78609D00809FF7 /* Assignment1Tests */ = {
			isa = PBXGroup;
			children = (
				44CBAA911C78609D00809FF7 /* Assignment1Tests.m */,
				4482D78B1C7873F50059FEBD /* UXRAsyncTesting.h */,
				441C3E091C786F6400715CB4 /* FourSquareKitTests.m */,
				4482D78C1C78769C0059FEBD /* UXRFourSquarePhotoModel+Validation.h */,
				4482D78D1C78769C0059FEBD /* UXRFourSquarePhotoModel+Validation.m */,
				4482D78E1C78769C0059FEBD /* UXRFourSquareRestaurantModel+Validations.h */,
				4482D78F1C78769C0059FEBD /* UXRFourSquareRestaurantModel+Validations.m */,
				44CBAA931C78609D00809FF7 /* Info.plist */,
			);
			path = Assignment1Tests;
			sourceTree = "<group>";
		};
		44CBAA9B1C78609D00809FF7 /* Assignment1UITests */ = {
			isa = PBXGroup;
			children = (
				44CBAA9C1C78609D00809FF7 /* Assignment1UITests.m */,
				44CBAA9E1C78609D00809FF7 /* Info.plist */,
			);
			path = Assignment1UITests;
			sourceTree = "<group>";
		};
		621EDEDCF06335FBA6161C81 /* Pods */ = {
			isa = PBXGroup;
			children = (
				6566A98C1E1AAE1A7E474356 /* Pods-Assignment1.debug.xcconfig */,
				A677850774B86CF96A110C66 /* Pods-Assignment1.release.xcconfig */,
				B645ACB0FEAD55F689C2348B /* Pods-Assignment1Tests.debug.xcconfig */,
				A0CACFE31989ADF9A7BD4670 /* Pods-Assignment1Tests.release.xcconfig */,
			);
			name = Pods;
			sourceTree = "<group>";
		};
/* End PBXGroup section */

/* Begin PBXNativeTarget section */
		44CBAA701C78609D00809FF7 /* Assignment1 */ = {
			isa = PBXNativeTarget;
			buildConfigurationList = 44CBAAA11C78609D00809FF7 /* Build configuration list for PBXNativeTarget "Assignment1" */;
			buildPhases = (
				37935253AFDCA9F953079700 /* Check Pods Manifest.lock */,
				44CBAA6D1C78609D00809FF7 /* Sources */,
				44CBAA6E1C78609D00809FF7 /* Frameworks */,
				44CBAA6F1C78609D00809FF7 /* Resources */,
				FB621036043A2AD9D1540AD9 /* Embed Pods Frameworks */,
				746844A22587FB88803C08C6 /* Copy Pods Resources */,
			);
			buildRules = (
			);
			dependencies = (
			);
			name = Assignment1;
			productName = Assignment1;
			productReference = 44CBAA711C78609D00809FF7 /* Assignment1.app */;
			productType = "com.apple.product-type.application";
		};
		44CBAA8C1C78609D00809FF7 /* Assignment1Tests */ = {
			isa = PBXNativeTarget;
			buildConfigurationList = 44CBAAA41C78609D00809FF7 /* Build configuration list for PBXNativeTarget "Assignment1Tests" */;
			buildPhases = (
				699F57ECF377948A9820A65E /* Check Pods Manifest.lock */,
				44CBAA891C78609D00809FF7 /* Sources */,
				44CBAA8A1C78609D00809FF7 /* Frameworks */,
				44CBAA8B1C78609D00809FF7 /* Resources */,
				14D724E505D6EA49BF849B03 /* Embed Pods Frameworks */,
				672C1E69D0108D4E54B73176 /* Copy Pods Resources */,
			);
			buildRules = (
			);
			dependencies = (
				44CBAA8F1C78609D00809FF7 /* PBXTargetDependency */,
			);
			name = Assignment1Tests;
			productName = Assignment1Tests;
			productReference = 44CBAA8D1C78609D00809FF7 /* Assignment1Tests.xctest */;
			productType = "com.apple.product-type.bundle.unit-test";
		};
		44CBAA971C78609D00809FF7 /* Assignment1UITests */ = {
			isa = PBXNativeTarget;
			buildConfigurationList = 44CBAAA71C78609D00809FF7 /* Build configuration list for PBXNativeTarget "Assignment1UITests" */;
			buildPhases = (
				44CBAA941C78609D00809FF7 /* Sources */,
				44CBAA951C78609D00809FF7 /* Frameworks */,
				44CBAA961C78609D00809FF7 /* Resources */,
			);
			buildRules = (
			);
			dependencies = (
				44CBAA9A1C78609D00809FF7 /* PBXTargetDependency */,
			);
			name = Assignment1UITests;
			productName = Assignment1UITests;
			productReference = 44CBAA981C78609D00809FF7 /* Assignment1UITests.xctest */;
			productType = "com.apple.product-type.bundle.ui-testing";
		};
/* End PBXNativeTarget section */

/* Begin PBXProject section */
		44CBAA691C78609D00809FF7 /* Project object */ = {
			isa = PBXProject;
			attributes = {
				LastUpgradeCheck = 0720;
				ORGANIZATIONNAME = "Igor Pchelko";
				TargetAttributes = {
					44CBAA701C78609D00809FF7 = {
						CreatedOnToolsVersion = 7.2.1;
						DevelopmentTeam = WQ9J889724;
					};
					44CBAA8C1C78609D00809FF7 = {
						CreatedOnToolsVersion = 7.2.1;
						TestTargetID = 44CBAA701C78609D00809FF7;
					};
					44CBAA971C78609D00809FF7 = {
						CreatedOnToolsVersion = 7.2.1;
						TestTargetID = 44CBAA701C78609D00809FF7;
					};
				};
			};
			buildConfigurationList = 44CBAA6C1C78609D00809FF7 /* Build configuration list for PBXProject "Assignment1" */;
			compatibilityVersion = "Xcode 3.2";
			developmentRegion = English;
			hasScannedForEncodings = 0;
			knownRegions = (
				en,
				Base,
			);
			mainGroup = 44CBAA681C78609D00809FF7;
			productRefGroup = 44CBAA721C78609D00809FF7 /* Products */;
			projectDirPath = "";
			projectRoot = "";
			targets = (
				44CBAA701C78609D00809FF7 /* Assignment1 */,
				44CBAA8C1C78609D00809FF7 /* Assignment1Tests */,
				44CBAA971C78609D00809FF7 /* Assignment1UITests */,
			);
		};
/* End PBXProject section */

/* Begin PBXResourcesBuildPhase section */
		44CBAA6F1C78609D00809FF7 /* Resources */ = {
			isa = PBXResourcesBuildPhase;
			buildActionMask = 2147483647;
			files = (
				44CBAA871C78609D00809FF7 /* LaunchScreen.storyboard in Resources */,
				44CBAA841C78609D00809FF7 /* Assets.xcassets in Resources */,
				44CBAAAD1C786C6700809FF7 /* Podfile in Resources */,
				44CBAA821C78609D00809FF7 /* Main.storyboard in Resources */,
			);
			runOnlyForDeploymentPostprocessing = 0;
		};
		44CBAA8B1C78609D00809FF7 /* Resources */ = {
			isa = PBXResourcesBuildPhase;
			buildActionMask = 2147483647;
			files = (
			);
			runOnlyForDeploymentPostprocessing = 0;
		};
		44CBAA961C78609D00809FF7 /* Resources */ = {
			isa = PBXResourcesBuildPhase;
			buildActionMask = 2147483647;
			files = (
			);
			runOnlyForDeploymentPostprocessing = 0;
		};
/* End PBXResourcesBuildPhase section */

/* Begin PBXShellScriptBuildPhase section */
		14D724E505D6EA49BF849B03 /* Embed Pods Frameworks */ = {
			isa = PBXShellScriptBuildPhase;
			buildActionMask = 2147483647;
			files = (
			);
			inputPaths = (
			);
			name = "Embed Pods Frameworks";
			outputPaths = (
			);
			runOnlyForDeploymentPostprocessing = 0;
			shellPath = /bin/sh;
			shellScript = "\"${SRCROOT}/Pods/Target Support Files/Pods-Assignment1Tests/Pods-Assignment1Tests-frameworks.sh\"\n";
			showEnvVarsInLog = 0;
		};
		37935253AFDCA9F953079700 /* Check Pods Manifest.lock */ = {
			isa = PBXShellScriptBuildPhase;
			buildActionMask = 2147483647;
			files = (
			);
			inputPaths = (
			);
			name = "Check Pods Manifest.lock";
			outputPaths = (
			);
			runOnlyForDeploymentPostprocessing = 0;
			shellPath = /bin/sh;
			shellScript = "diff \"${PODS_ROOT}/../Podfile.lock\" \"${PODS_ROOT}/Manifest.lock\" > /dev/null\nif [[ $? != 0 ]] ; then\n    cat << EOM\nerror: The sandbox is not in sync with the Podfile.lock. Run 'pod install' or update your CocoaPods installation.\nEOM\n    exit 1\nfi\n";
			showEnvVarsInLog = 0;
		};
		672C1E69D0108D4E54B73176 /* Copy Pods Resources */ = {
			isa = PBXShellScriptBuildPhase;
			buildActionMask = 2147483647;
			files = (
			);
			inputPaths = (
			);
			name = "Copy Pods Resources";
			outputPaths = (
			);
			runOnlyForDeploymentPostprocessing = 0;
			shellPath = /bin/sh;
			shellScript = "\"${SRCROOT}/Pods/Target Support Files/Pods-Assignment1Tests/Pods-Assignment1Tests-resources.sh\"\n";
			showEnvVarsInLog = 0;
		};
		699F57ECF377948A9820A65E /* Check Pods Manifest.lock */ = {
			isa = PBXShellScriptBuildPhase;
			buildActionMask = 2147483647;
			files = (
			);
			inputPaths = (
			);
			name = "Check Pods Manifest.lock";
			outputPaths = (
			);
			runOnlyForDeploymentPostprocessing = 0;
			shellPath = /bin/sh;
			shellScript = "diff \"${PODS_ROOT}/../Podfile.lock\" \"${PODS_ROOT}/Manifest.lock\" > /dev/null\nif [[ $? != 0 ]] ; then\n    cat << EOM\nerror: The sandbox is not in sync with the Podfile.lock. Run 'pod install' or update your CocoaPods installation.\nEOM\n    exit 1\nfi\n";
			showEnvVarsInLog = 0;
		};
		746844A22587FB88803C08C6 /* Copy Pods Resources */ = {
			isa = PBXShellScriptBuildPhase;
			buildActionMask = 2147483647;
			files = (
			);
			inputPaths = (
			);
			name = "Copy Pods Resources";
			outputPaths = (
			);
			runOnlyForDeploymentPostprocessing = 0;
			shellPath = /bin/sh;
			shellScript = "\"${SRCROOT}/Pods/Target Support Files/Pods-Assignment1/Pods-Assignment1-resources.sh\"\n";
			showEnvVarsInLog = 0;
		};
		FB621036043A2AD9D1540AD9 /* Embed Pods Frameworks */ = {
			isa = PBXShellScriptBuildPhase;
			buildActionMask = 2147483647;
			files = (
			);
			inputPaths = (
			);
			name = "Embed Pods Frameworks";
			outputPaths = (
			);
			runOnlyForDeploymentPostprocessing = 0;
			shellPath = /bin/sh;
			shellScript = "\"${SRCROOT}/Pods/Target Support Files/Pods-Assignment1/Pods-Assignment1-frameworks.sh\"\n";
			showEnvVarsInLog = 0;
		};
/* End PBXShellScriptBuildPhase section */

/* Begin PBXSourcesBuildPhase section */
		44CBAA6D1C78609D00809FF7 /* Sources */ = {
			isa = PBXSourcesBuildPhase;
			buildActionMask = 2147483647;
			files = (
				4482D79B1C7884A00059FEBD /* RestaurantModel.m in Sources */,
				44CBAA7F1C78609D00809FF7 /* ListViewController.m in Sources */,
				4482D79F1C78887E0059FEBD /* RestaurantModelTableViewCell.m in Sources */,
				44CBAA791C78609D00809FF7 /* AppDelegate.m in Sources */,
				44CBAA7C1C78609D00809FF7 /* MapViewController.m in Sources */,
				4482D7951C787FC00059FEBD /* RestaurantListModel.m in Sources */,
				4482D7981C7882D70059FEBD /* UXRFourSquareRestaurantModel+Validations.m in Sources */,
				44CBAA761C78609D00809FF7 /* main.m in Sources */,
			);
			runOnlyForDeploymentPostprocessing = 0;
		};
		44CBAA891C78609D00809FF7 /* Sources */ = {
			isa = PBXSourcesBuildPhase;
			buildActionMask = 2147483647;
			files = (
				4482D7911C78769C0059FEBD /* UXRFourSquareRestaurantModel+Validations.m in Sources */,
				44CBAA921C78609D00809FF7 /* Assignment1Tests.m in Sources */,
				441C3E0A1C786F6400715CB4 /* FourSquareKitTests.m in Sources */,
				4482D7901C78769C0059FEBD /* UXRFourSquarePhotoModel+Validation.m in Sources */,
			);
			runOnlyForDeploymentPostprocessing = 0;
		};
		44CBAA941C78609D00809FF7 /* Sources */ = {
			isa = PBXSourcesBuildPhase;
			buildActionMask = 2147483647;
			files = (
				44CBAA9D1C78609D00809FF7 /* Assignment1UITests.m in Sources */,
			);
			runOnlyForDeploymentPostprocessing = 0;
		};
/* End PBXSourcesBuildPhase section */

/* Begin PBXTargetDependency section */
		44CBAA8F1C78609D00809FF7 /* PBXTargetDependency */ = {
			isa = PBXTargetDependency;
			target = 44CBAA701C78609D00809FF7 /* Assignment1 */;
			targetProxy = 44CBAA8E1C78609D00809FF7 /* PBXContainerItemProxy */;
		};
		44CBAA9A1C78609D00809FF7 /* PBXTargetDependency */ = {
			isa = PBXTargetDependency;
			target = 44CBAA701C78609D00809FF7 /* Assignment1 */;
			targetProxy = 44CBAA991C78609D00809FF7 /* PBXContainerItemProxy */;
		};
/* End PBXTargetDependency section */

/* Begin PBXVariantGroup section */
		44CBAA801C78609D00809FF7 /* Main.storyboard */ = {
			isa = PBXVariantGroup;
			children = (
				44CBAA811C78609D00809FF7 /* Base */,
			);
			name = Main.storyboard;
			sourceTree = "<group>";
		};
		44CBAA851C78609D00809FF7 /* LaunchScreen.storyboard */ = {
			isa = PBXVariantGroup;
			children = (
				44CBAA861C78609D00809FF7 /* Base */,
			);
			name = LaunchScreen.storyboard;
			sourceTree = "<group>";
		};
/* End PBXVariantGroup section */

/* Begin XCBuildConfiguration section */
		44CBAA9F1C78609D00809FF7 /* Debug */ = {
			isa = XCBuildConfiguration;
			buildSettings = {
				ALWAYS_SEARCH_USER_PATHS = NO;
				CLANG_CXX_LANGUAGE_STANDARD = "gnu++0x";
				CLANG_CXX_LIBRARY = "libc++";
				CLANG_ENABLE_MODULES = YES;
				CLANG_ENABLE_OBJC_ARC = YES;
				CLANG_WARN_BOOL_CONVERSION = YES;
				CLANG_WARN_CONSTANT_CONVERSION = YES;
				CLANG_WARN_DIRECT_OBJC_ISA_USAGE = YES_ERROR;
				CLANG_WARN_EMPTY_BODY = YES;
				CLANG_WARN_ENUM_CONVERSION = YES;
				CLANG_WARN_INT_CONVERSION = YES;
				CLANG_WARN_OBJC_ROOT_CLASS = YES_ERROR;
				CLANG_WARN_UNREACHABLE_CODE = YES;
				CLANG_WARN__DUPLICATE_METHOD_MATCH = YES;
				"CODE_SIGN_IDENTITY[sdk=iphoneos*]" = "iPhone Developer";
				COPY_PHASE_STRIP = NO;
				DEBUG_INFORMATION_FORMAT = dwarf;
				ENABLE_STRICT_OBJC_MSGSEND = YES;
				ENABLE_TESTABILITY = YES;
				GCC_C_LANGUAGE_STANDARD = gnu99;
				GCC_DYNAMIC_NO_PIC = NO;
				GCC_NO_COMMON_BLOCKS = YES;
				GCC_OPTIMIZATION_LEVEL = 0;
				GCC_PREPROCESSOR_DEFINITIONS = (
					"DEBUG=1",
					"$(inherited)",
				);
				GCC_WARN_64_TO_32_BIT_CONVERSION = YES;
				GCC_WARN_ABOUT_RETURN_TYPE = YES_ERROR;
				GCC_WARN_UNDECLARED_SELECTOR = YES;
				GCC_WARN_UNINITIALIZED_AUTOS = YES_AGGRESSIVE;
				GCC_WARN_UNUSED_FUNCTION = YES;
				GCC_WARN_UNUSED_VARIABLE = YES;
				IPHONEOS_DEPLOYMENT_TARGET = 9.2;
				MTL_ENABLE_DEBUG_INFO = YES;
				ONLY_ACTIVE_ARCH = YES;
				SDKROOT = iphoneos;
				TARGETED_DEVICE_FAMILY = "1,2";
			};
			name = Debug;
		};
		44CBAAA01C78609D00809FF7 /* Release */ = {
			isa = XCBuildConfiguration;
			buildSettings = {
				ALWAYS_SEARCH_USER_PATHS = NO;
				CLANG_CXX_LANGUAGE_STANDARD = "gnu++0x";
				CLANG_CXX_LIBRARY = "libc++";
				CLANG_ENABLE_MODULES = YES;
				CLANG_ENABLE_OBJC_ARC = YES;
				CLANG_WARN_BOOL_CONVERSION = YES;
				CLANG_WARN_CONSTANT_CONVERSION = YES;
				CLANG_WARN_DIRECT_OBJC_ISA_USAGE = YES_ERROR;
				CLANG_WARN_EMPTY_BODY = YES;
				CLANG_WARN_ENUM_CONVERSION = YES;
				CLANG_WARN_INT_CONVERSION = YES;
				CLANG_WARN_OBJC_ROOT_CLASS = YES_ERROR;
				CLANG_WARN_UNREACHABLE_CODE = YES;
				CLANG_WARN__DUPLICATE_METHOD_MATCH = YES;
				"CODE_SIGN_IDENTITY[sdk=iphoneos*]" = "iPhone Developer";
				COPY_PHASE_STRIP = NO;
				DEBUG_INFORMATION_FORMAT = "dwarf-with-dsym";
				ENABLE_NS_ASSERTIONS = NO;
				ENABLE_STRICT_OBJC_MSGSEND = YES;
				GCC_C_LANGUAGE_STANDARD = gnu99;
				GCC_NO_COMMON_BLOCKS = YES;
				GCC_WARN_64_TO_32_BIT_CONVERSION = YES;
				GCC_WARN_ABOUT_RETURN_TYPE = YES_ERROR;
				GCC_WARN_UNDECLARED_SELECTOR = YES;
				GCC_WARN_UNINITIALIZED_AUTOS = YES_AGGRESSIVE;
				GCC_WARN_UNUSED_FUNCTION = YES;
				GCC_WARN_UNUSED_VARIABLE = YES;
				IPHONEOS_DEPLOYMENT_TARGET = 9.2;
				MTL_ENABLE_DEBUG_INFO = NO;
				SDKROOT = iphoneos;
				TARGETED_DEVICE_FAMILY = "1,2";
				VALIDATE_PRODUCT = YES;
			};
			name = Release;
		};
		44CBAAA21C78609D00809FF7 /* Debug */ = {
			isa = XCBuildConfiguration;
			baseConfigurationReference = 6566A98C1E1AAE1A7E474356 /* Pods-Assignment1.debug.xcconfig */;
			buildSettings = {
				ASSETCATALOG_COMPILER_APPICON_NAME = AppIcon;
				CODE_SIGN_IDENTITY = "iPhone Developer";
				INFOPLIST_FILE = Assignment1/Info.plist;
				LD_RUNPATH_SEARCH_PATHS = "$(inherited) @executable_path/Frameworks";
				PRODUCT_BUNDLE_IDENTIFIER = com.pi.Assignment1;
				PRODUCT_NAME = "$(TARGET_NAME)";
			};
			name = Debug;
		};
		44CBAAA31C78609D00809FF7 /* Release */ = {
			isa = XCBuildConfiguration;
			baseConfigurationReference = A677850774B86CF96A110C66 /* Pods-Assignment1.release.xcconfig */;
			buildSettings = {
				ASSETCATALOG_COMPILER_APPICON_NAME = AppIcon;
				CODE_SIGN_IDENTITY = "iPhone Developer";
				INFOPLIST_FILE = Assignment1/Info.plist;
				LD_RUNPATH_SEARCH_PATHS = "$(inherited) @executable_path/Frameworks";
				PRODUCT_BUNDLE_IDENTIFIER = com.pi.Assignment1;
				PRODUCT_NAME = "$(TARGET_NAME)";
			};
			name = Release;
		};
		44CBAAA51C78609D00809FF7 /* Debug */ = {
			isa = XCBuildConfiguration;
			baseConfigurationReference = B645ACB0FEAD55F689C2348B /* Pods-Assignment1Tests.debug.xcconfig */;
			buildSettings = {
				BUNDLE_LOADER = "$(TEST_HOST)";
				INFOPLIST_FILE = Assignment1Tests/Info.plist;
				LD_RUNPATH_SEARCH_PATHS = "$(inherited) @executable_path/Frameworks @loader_path/Frameworks";
				PRODUCT_BUNDLE_IDENTIFIER = pi.Assignment1Tests;
				PRODUCT_NAME = "$(TARGET_NAME)";
				TEST_HOST = "$(BUILT_PRODUCTS_DIR)/Assignment1.app/Assignment1";
			};
			name = Debug;
		};
		44CBAAA61C78609D00809FF7 /* Release */ = {
			isa = XCBuildConfiguration;
			baseConfigurationReference = A0CACFE31989ADF9A7BD4670 /* Pods-Assignment1Tests.release.xcconfig */;
			buildSettings = {
				BUNDLE_LOADER = "$(TEST_HOST)";
				INFOPLIST_FILE = Assignment1Tests/Info.plist;
				LD_RUNPATH_SEARCH_PATHS = "$(inherited) @executable_path/Frameworks @loader_path/Frameworks";
				PRODUCT_BUNDLE_IDENTIFIER = pi.Assignment1Tests;
				PRODUCT_NAME = "$(TARGET_NAME)";
				TEST_HOST = "$(BUILT_PRODUCTS_DIR)/Assignment1.app/Assignment1";
			};
			name = Release;
		};
		44CBAAA81C78609D00809FF7 /* Debug */ = {
			isa = XCBuildConfiguration;
			buildSettings = {
				INFOPLIST_FILE = Assignment1UITests/Info.plist;
				LD_RUNPATH_SEARCH_PATHS = "$(inherited) @executable_path/Frameworks @loader_path/Frameworks";
				PRODUCT_BUNDLE_IDENTIFIER = pi.Assignment1UITests;
				PRODUCT_NAME = "$(TARGET_NAME)";
				TEST_TARGET_NAME = Assignment1;
				USES_XCTRUNNER = YES;
			};
			name = Debug;
		};
		44CBAAA91C78609D00809FF7 /* Release */ = {
			isa = XCBuildConfiguration;
			buildSettings = {
				INFOPLIST_FILE = Assignment1UITests/Info.plist;
				LD_RUNPATH_SEARCH_PATHS = "$(inherited) @executable_path/Frameworks @loader_path/Frameworks";
				PRODUCT_BUNDLE_IDENTIFIER = pi.Assignment1UITests;
				PRODUCT_NAME = "$(TARGET_NAME)";
				TEST_TARGET_NAME = Assignment1;
				USES_XCTRUNNER = YES;
			};
			name = Release;
		};
/* End XCBuildConfiguration section */

/* Begin XCConfigurationList section */
		44CBAA6C1C78609D00809FF7 /* Build configuration list for PBXProject "Assignment1" */ = {
			isa = XCConfigurationList;
			buildConfigurations = (
				44CBAA9F1C78609D00809FF7 /* Debug */,
				44CBAAA01C78609D00809FF7 /* Release */,
			);
			defaultConfigurationIsVisible = 0;
			defaultConfigurationName = Release;
		};
		44CBAAA11C78609D00809FF7 /* Build configuration list for PBXNativeTarget "Assignment1" */ = {
			isa = XCConfigurationList;
			buildConfigurations = (
				44CBAAA21C78609D00809FF7 /* Debug */,
				44CBAAA31C78609D00809FF7 /* Release */,
			);
			defaultConfigurationIsVisible = 0;
			defaultConfigurationName = Release;
		};
		44CBAAA41C78609D00809FF7 /* Build configuration list for PBXNativeTarget "Assignment1Tests" */ = {
			isa = XCConfigurationList;
			buildConfigurations = (
				44CBAAA51C78609D00809FF7 /* Debug */,
				44CBAAA61C78609D00809FF7 /* Release */,
			);
			defaultConfigurationIsVisible = 0;
			defaultConfigurationName = Release;
		};
		44CBAAA71C78609D00809FF7 /* Build configuration list for PBXNativeTarget "Assignment1UITests" */ = {
			isa = XCConfigurationList;
			buildConfigurations = (
				44CBAAA81C78609D00809FF7 /* Debug */,
				44CBAAA91C78609D00809FF7 /* Release */,
			);
			defaultConfigurationIsVisible = 0;
			defaultConfigurationName = Release;
		};
/* End XCConfigurationList section */
	};
	rootObject = 44CBAA691C78609D00809FF7 /* Project object */;
}
